
Microsoft Visual Studio Solution File, Format Version 12.00
# Visual Studio 15
VisualStudioVersion = 15.0.28307.705
MinimumVisualStudioVersion = 10.0.40219.1
Project("{9A19103F-16F7-4668-BE54-9A1E7A4F7556}") = "CalculatorApi", "CalculatorApi\CalculatorApi.csproj", "{6187A111-19CB-4D69-A387-9F4EF9D09477}"
EndProject
Project("{9A19103F-16F7-4668-BE54-9A1E7A4F7556}") = "CalculatorUI", "CalculatorUI\CalculatorUI.csproj", "{F4C16D20-621A-4BCC-B6FE-9598E91CE049}"
EndProject
Global
	GlobalSection(SolutionConfigurationPlatforms) = preSolution
		Debug|Any CPU = Debug|Any CPU
		Release|Any CPU = Release|Any CPU
	EndGlobalSection
	GlobalSection(ProjectConfigurationPlatforms) = postSolution
		{6187A111-19CB-4D69-A387-9F4EF9D09477}.Debug|Any CPU.ActiveCfg = Debug|Any CPU
		{6187A111-19CB-4D69-A387-9F4EF9D09477}.Debug|Any CPU.Build.0 = Debug|Any CPU
		{6187A111-19CB-4D69-A387-9F4EF9D09477}.Release|Any CPU.ActiveCfg = Release|Any CPU
		{6187A111-19CB-4D69-A387-9F4EF9D09477}.Release|Any CPU.Build.0 = Release|Any CPU
		{F4C16D20-621A-4BCC-B6FE-9598E91CE049}.Debug|Any CPU.ActiveCfg = Debug|Any CPU
		{F4C16D20-621A-4BCC-B6FE-9598E91CE049}.Debug|Any CPU.Build.0 = Debug|Any CPU
		{F4C16D20-621A-4BCC-B6FE-9598E91CE049}.Release|Any CPU.ActiveCfg = Release|Any CPU
		{F4C16D20-621A-4BCC-B6FE-9598E91CE049}.Release|Any CPU.Build.0 = Release|Any CPU
	EndGlobalSection
	GlobalSection(SolutionProperties) = preSolution
		HideSolutionNode = FALSE
	EndGlobalSection
	GlobalSection(ExtensibilityGlobals) = postSolution
		SolutionGuid = {03E9E72B-36C7-424B-BFE9-FF1C6D884152}
	EndGlobalSection
EndGlobal
